
Microsoft Visual Studio Solution File, Format Version 12.00
# Visual Studio Version 16
VisualStudioVersion = 16.0.30204.135
MinimumVisualStudioVersion = 10.0.40219.1
Project("{FAE04EC0-301F-11D3-BF4B-00C04F79EFBC}") = "Dolar.WorkerService", "Dolar.WorkerService\Dolar.WorkerService.csproj", "{1D782C7B-0565-4C1D-AD0C-A814F842F13F}"
EndProject
Project("{FAE04EC0-301F-11D3-BF4B-00C04F79EFBC}") = "Dolar.WorkerService.Infra", "Dolar.WorkerService.Infra\Dolar.WorkerService.Infra.csproj", "{3DD4D590-8D41-43E1-A267-6E8F89DE2B0A}"
EndProject
Project("{FAE04EC0-301F-11D3-BF4B-00C04F79EFBC}") = "Dolar.WorkerService.Utils", "Dolar.WorkerService.Utils\Dolar.WorkerService.Utils.csproj", "{C903FF79-07E9-4426-8B0B-21921B2EE5CC}"
EndProject
Project("{FAE04EC0-301F-11D3-BF4B-00C04F79EFBC}") = "Dolar.WorkerService.Service", "Dolar.WorkerService.Service\Dolar.WorkerService.Service.csproj", "{4C95181F-95C6-4F84-BC4D-4C3EF72E8584}"
EndProject
Project("{FAE04EC0-301F-11D3-BF4B-00C04F79EFBC}") = "Dolar.WorkerService.Domain", "Dolar.WorkerService.Domain\Dolar.WorkerService.Domain.csproj", "{FC5DD19D-BF06-4B1D-B2FA-D1E10E2F7610}"
EndProject
Global
	GlobalSection(SolutionConfigurationPlatforms) = preSolution
		Debug|Any CPU = Debug|Any CPU
		Release|Any CPU = Release|Any CPU
	EndGlobalSection
	GlobalSection(ProjectConfigurationPlatforms) = postSolution
		{1D782C7B-0565-4C1D-AD0C-A814F842F13F}.Debug|Any CPU.ActiveCfg = Debug|Any CPU
		{1D782C7B-0565-4C1D-AD0C-A814F842F13F}.Debug|Any CPU.Build.0 = Debug|Any CPU
		{1D782C7B-0565-4C1D-AD0C-A814F842F13F}.Release|Any CPU.ActiveCfg = Release|Any CPU
		{1D782C7B-0565-4C1D-AD0C-A814F842F13F}.Release|Any CPU.Build.0 = Release|Any CPU
		{3DD4D590-8D41-43E1-A267-6E8F89DE2B0A}.Debug|Any CPU.ActiveCfg = Debug|Any CPU
		{3DD4D590-8D41-43E1-A267-6E8F89DE2B0A}.Debug|Any CPU.Build.0 = Debug|Any CPU
		{3DD4D590-8D41-43E1-A267-6E8F89DE2B0A}.Release|Any CPU.ActiveCfg = Release|Any CPU
		{3DD4D590-8D41-43E1-A267-6E8F89DE2B0A}.Release|Any CPU.Build.0 = Release|Any CPU
		{C903FF79-07E9-4426-8B0B-21921B2EE5CC}.Debug|Any CPU.ActiveCfg = Debug|Any CPU
		{C903FF79-07E9-4426-8B0B-21921B2EE5CC}.Debug|Any CPU.Build.0 = Debug|Any CPU
		{C903FF79-07E9-4426-8B0B-21921B2EE5CC}.Release|Any CPU.ActiveCfg = Release|Any CPU
		{C903FF79-07E9-4426-8B0B-21921B2EE5CC}.Release|Any CPU.Build.0 = Release|Any CPU
		{4C95181F-95C6-4F84-BC4D-4C3EF72E8584}.Debug|Any CPU.ActiveCfg = Debug|Any CPU
		{4C95181F-95C6-4F84-BC4D-4C3EF72E8584}.Debug|Any CPU.Build.0 = Debug|Any CPU
		{4C95181F-95C6-4F84-BC4D-4C3EF72E8584}.Release|Any CPU.ActiveCfg = Release|Any CPU
		{4C95181F-95C6-4F84-BC4D-4C3EF72E8584}.Release|Any CPU.Build.0 = Release|Any CPU
		{FC5DD19D-BF06-4B1D-B2FA-D1E10E2F7610}.Debug|Any CPU.ActiveCfg = Debug|Any CPU
		{FC5DD19D-BF06-4B1D-B2FA-D1E10E2F7610}.Debug|Any CPU.Build.0 = Debug|Any CPU
		{FC5DD19D-BF06-4B1D-B2FA-D1E10E2F7610}.Release|Any CPU.ActiveCfg = Release|Any CPU
		{FC5DD19D-BF06-4B1D-B2FA-D1E10E2F7610}.Release|Any CPU.Build.0 = Release|Any CPU
	EndGlobalSection
	GlobalSection(SolutionProperties) = preSolution
		HideSolutionNode = FALSE
	EndGlobalSection
	GlobalSection(ExtensibilityGlobals) = postSolution
		SolutionGuid = {FFA9E2DA-8AE7-43C0-8DCA-2FB36C57F621}
	EndGlobalSection
EndGlobal
